
Microsoft Visual Studio Solution File, Format Version 12.00
# Visual Studio 15
VisualStudioVersion = 15.0.26730.16
MinimumVisualStudioVersion = 10.0.40219.1
Project("{FAE04EC0-301F-11D3-BF4B-00C04F79EFBC}") = "CaseManager", "CaseManager\CaseManager.csproj", "{FC80B40F-1FFF-4E7C-90F7-001A617BA9DA}"
EndProject
Project("{FAE04EC0-301F-11D3-BF4B-00C04F79EFBC}") = "ConsoleApp", "ConsoleApp\ConsoleApp.csproj", "{D26B32B8-51F2-49A9-B2CF-06878CA21232}"
EndProject
Global
	GlobalSection(SolutionConfigurationPlatforms) = preSolution
		Debug|Any CPU = Debug|Any CPU
		Release|Any CPU = Release|Any CPU
	EndGlobalSection
	GlobalSection(ProjectConfigurationPlatforms) = postSolution
		{FC80B40F-1FFF-4E7C-90F7-001A617BA9DA}.Debug|Any CPU.ActiveCfg = Debug|Any CPU
		{FC80B40F-1FFF-4E7C-90F7-001A617BA9DA}.Debug|Any CPU.Build.0 = Debug|Any CPU
		{FC80B40F-1FFF-4E7C-90F7-001A617BA9DA}.Release|Any CPU.ActiveCfg = Release|Any CPU
		{FC80B40F-1FFF-4E7C-90F7-001A617BA9DA}.Release|Any CPU.Build.0 = Release|Any CPU
		{D26B32B8-51F2-49A9-B2CF-06878CA21232}.Debug|Any CPU.ActiveCfg = Debug|Any CPU
		{D26B32B8-51F2-49A9-B2CF-06878CA21232}.Debug|Any CPU.Build.0 = Debug|Any CPU
		{D26B32B8-51F2-49A9-B2CF-06878CA21232}.Release|Any CPU.ActiveCfg = Release|Any CPU
		{D26B32B8-51F2-49A9-B2CF-06878CA21232}.Release|Any CPU.Build.0 = Release|Any CPU
	EndGlobalSection
	GlobalSection(SolutionProperties) = preSolution
		HideSolutionNode = FALSE
	EndGlobalSection
	GlobalSection(ExtensibilityGlobals) = postSolution
		SolutionGuid = {907693CD-DC33-4B1E-B676-F7848309DB9D}
	EndGlobalSection
EndGlobal
